
Microsoft Visual Studio Solution File, Format Version 12.00
# Visual Studio 15
VisualStudioVersion = 15.0.27428.2011
MinimumVisualStudioVersion = 10.0.40219.1
Project("{9A19103F-16F7-4668-BE54-9A1E7A4F7556}") = "TaxCalculatorConsoleApp", "TaxCalculatorConsoleApp\TaxCalculatorConsoleApp.csproj", "{F5BCD8E9-88BA-4015-9092-3CBBC77682A0}"
EndProject
Project("{FAE04EC0-301F-11D3-BF4B-00C04F79EFBC}") = "TaxCalculatorConsoleApp.UnitTest", "TaxCalculatorConsoleApp.UnitTest\TaxCalculatorConsoleApp.UnitTest.csproj", "{86046C24-23A9-496E-93E7-8EDC7C833304}"
EndProject
Global
	GlobalSection(SolutionConfigurationPlatforms) = preSolution
		Debug|Any CPU = Debug|Any CPU
		Release|Any CPU = Release|Any CPU
	EndGlobalSection
	GlobalSection(ProjectConfigurationPlatforms) = postSolution
		{F5BCD8E9-88BA-4015-9092-3CBBC77682A0}.Debug|Any CPU.ActiveCfg = Debug|Any CPU
		{F5BCD8E9-88BA-4015-9092-3CBBC77682A0}.Debug|Any CPU.Build.0 = Debug|Any CPU
		{F5BCD8E9-88BA-4015-9092-3CBBC77682A0}.Release|Any CPU.ActiveCfg = Release|Any CPU
		{F5BCD8E9-88BA-4015-9092-3CBBC77682A0}.Release|Any CPU.Build.0 = Release|Any CPU
		{86046C24-23A9-496E-93E7-8EDC7C833304}.Debug|Any CPU.ActiveCfg = Debug|Any CPU
		{86046C24-23A9-496E-93E7-8EDC7C833304}.Debug|Any CPU.Build.0 = Debug|Any CPU
		{86046C24-23A9-496E-93E7-8EDC7C833304}.Release|Any CPU.ActiveCfg = Release|Any CPU
		{86046C24-23A9-496E-93E7-8EDC7C833304}.Release|Any CPU.Build.0 = Release|Any CPU
	EndGlobalSection
	GlobalSection(SolutionProperties) = preSolution
		HideSolutionNode = FALSE
	EndGlobalSection
	GlobalSection(ExtensibilityGlobals) = postSolution
		SolutionGuid = {6E792FE7-ABC8-476E-9D7D-1A244D96431E}
	EndGlobalSection
EndGlobal
